
Microsoft Visual Studio Solution File, Format Version 12.00
# Visual Studio Version 16
VisualStudioVersion = 16.0.28407.52
MinimumVisualStudioVersion = 10.0.40219.1
Project("{FAE04EC0-301F-11D3-BF4B-00C04F79EFBC}") = "WhatMP4Converter", "WhatMP4Converter\WhatMP4Converter.csproj", "{C2053C5C-C843-4AC3-B56F-7A7D51DCD5D3}"
EndProject
Global
	GlobalSection(SolutionConfigurationPlatforms) = preSolution
		Debug|Any CPU = Debug|Any CPU
		Release|Any CPU = Release|Any CPU
	EndGlobalSection
	GlobalSection(ProjectConfigurationPlatforms) = postSolution
		{C2053C5C-C843-4AC3-B56F-7A7D51DCD5D3}.Debug|Any CPU.ActiveCfg = Debug|Any CPU
		{C2053C5C-C843-4AC3-B56F-7A7D51DCD5D3}.Debug|Any CPU.Build.0 = Debug|Any CPU
		{C2053C5C-C843-4AC3-B56F-7A7D51DCD5D3}.Release|Any CPU.ActiveCfg = Release|Any CPU
		{C2053C5C-C843-4AC3-B56F-7A7D51DCD5D3}.Release|Any CPU.Build.0 = Release|Any CPU
	EndGlobalSection
	GlobalSection(SolutionProperties) = preSolution
		HideSolutionNode = FALSE
	EndGlobalSection
	GlobalSection(ExtensibilityGlobals) = postSolution
		SolutionGuid = {B2063539-6E6D-411F-B15D-0C9EB5469AA9}
	EndGlobalSection
EndGlobal
